
Microsoft Visual Studio Solution File, Format Version 12.00
# Visual Studio Version 16
VisualStudioVersion = 16.0.28606.126
MinimumVisualStudioVersion = 10.0.40219.1
Project("{9A19103F-16F7-4668-BE54-9A1E7A4F7556}") = "GoogleSheetImporter", "GoogleSheetImporter\GoogleSheetImporter.csproj", "{ABAEF73F-F9D2-4075-B46E-8BD3E5663546}"
EndProject
Project("{FAE04EC0-301F-11D3-BF4B-00C04F79EFBC}") = "PlayStats", "PlayStats\PlayStats.csproj", "{EDA788AB-F59D-49DD-A0B7-60FA2A8FEA6F}"
EndProject
Global
	GlobalSection(SolutionConfigurationPlatforms) = preSolution
		Debug|Any CPU = Debug|Any CPU
		Release|Any CPU = Release|Any CPU
	EndGlobalSection
	GlobalSection(ProjectConfigurationPlatforms) = postSolution
		{ABAEF73F-F9D2-4075-B46E-8BD3E5663546}.Debug|Any CPU.ActiveCfg = Debug|Any CPU
		{ABAEF73F-F9D2-4075-B46E-8BD3E5663546}.Debug|Any CPU.Build.0 = Debug|Any CPU
		{ABAEF73F-F9D2-4075-B46E-8BD3E5663546}.Release|Any CPU.ActiveCfg = Release|Any CPU
		{ABAEF73F-F9D2-4075-B46E-8BD3E5663546}.Release|Any CPU.Build.0 = Release|Any CPU
		{EDA788AB-F59D-49DD-A0B7-60FA2A8FEA6F}.Debug|Any CPU.ActiveCfg = Debug|Any CPU
		{EDA788AB-F59D-49DD-A0B7-60FA2A8FEA6F}.Debug|Any CPU.Build.0 = Debug|Any CPU
		{EDA788AB-F59D-49DD-A0B7-60FA2A8FEA6F}.Release|Any CPU.ActiveCfg = Release|Any CPU
		{EDA788AB-F59D-49DD-A0B7-60FA2A8FEA6F}.Release|Any CPU.Build.0 = Release|Any CPU
	EndGlobalSection
	GlobalSection(SolutionProperties) = preSolution
		HideSolutionNode = FALSE
	EndGlobalSection
	GlobalSection(ExtensibilityGlobals) = postSolution
		SolutionGuid = {CF8577FE-4587-43F0-928B-ACBA8FEFCCF3}
	EndGlobalSection
EndGlobal
